
Microsoft Visual Studio Solution File, Format Version 12.00
# Visual Studio Version 17
VisualStudioVersion = 17.2.32519.379
MinimumVisualStudioVersion = 10.0.40219.1
Project("{FAE04EC0-301F-11D3-BF4B-00C04F79EFBC}") = "RazorPagesMovie", "RazorPagesMovie\RazorPagesMovie.csproj", "{A2BE9AB8-0C5C-4539-8B88-C8C40CE76CD0}"
EndProject
Global
	GlobalSection(SolutionConfigurationPlatforms) = preSolution
		Debug|Any CPU = Debug|Any CPU
		Release|Any CPU = Release|Any CPU
	EndGlobalSection
	GlobalSection(ProjectConfigurationPlatforms) = postSolution
		{A2BE9AB8-0C5C-4539-8B88-C8C40CE76CD0}.Debug|Any CPU.ActiveCfg = Debug|Any CPU
		{A2BE9AB8-0C5C-4539-8B88-C8C40CE76CD0}.Debug|Any CPU.Build.0 = Debug|Any CPU
		{A2BE9AB8-0C5C-4539-8B88-C8C40CE76CD0}.Release|Any CPU.ActiveCfg = Release|Any CPU
		{A2BE9AB8-0C5C-4539-8B88-C8C40CE76CD0}.Release|Any CPU.Build.0 = Release|Any CPU
	EndGlobalSection
	GlobalSection(SolutionProperties) = preSolution
		HideSolutionNode = FALSE
	EndGlobalSection
	GlobalSection(ExtensibilityGlobals) = postSolution
		SolutionGuid = {A50329A3-B986-4338-A1DC-EF7C6BB31590}
	EndGlobalSection
EndGlobal
